// !$*UTF8*$!
{
	archiveVersion = 1;
	classes = {
	};
	objectVersion = 46;
	objects = {

/* Begin PBXBuildFile section */
		83D4000C1AF297EA00D63886 /* Pavo.h in Headers */ = {isa = PBXBuildFile; fileRef = 83D4000B1AF297EA00D63886 /* Pavo.h */; settings = {ATTRIBUTES = (Public, ); }; };
		83D400121AF297EB00D63886 /* Pavo.framework in Frameworks */ = {isa = PBXBuildFile; fileRef = 83D400061AF297EA00D63886 /* Pavo.framework */; };
		83D400191AF297EB00D63886 /* PavoTests.swift in Sources */ = {isa = PBXBuildFile; fileRef = 83D400181AF297EB00D63886 /* PavoTests.swift */; };
		83D400251AF403E200D63886 /* ImageBuffer.swift in Sources */ = {isa = PBXBuildFile; fileRef = 83D400241AF403E200D63886 /* ImageBuffer.swift */; };
		83D400291AF404CA00D63886 /* DisplayMonitor.swift in Sources */ = {isa = PBXBuildFile; fileRef = 83D400281AF404CA00D63886 /* DisplayMonitor.swift */; };
		83D4002B1AF406F600D63886 /* ImageHelpers.swift in Sources */ = {isa = PBXBuildFile; fileRef = 83D4002A1AF406F600D63886 /* ImageHelpers.swift */; };
/* End PBXBuildFile section */

/* Begin PBXContainerItemProxy section */
		83D400131AF297EB00D63886 /* PBXContainerItemProxy */ = {
			isa = PBXContainerItemProxy;
			containerPortal = 83D4FFFD1AF297EA00D63886 /* Project object */;
			proxyType = 1;
			remoteGlobalIDString = 83D400051AF297EA00D63886;
			remoteInfo = Pavo;
		};
/* End PBXContainerItemProxy section */

/* Begin PBXFileReference section */
		83D400061AF297EA00D63886 /* Pavo.framework */ = {isa = PBXFileReference; explicitFileType = wrapper.framework; includeInIndex = 0; path = Pavo.framework; sourceTree = BUILT_PRODUCTS_DIR; };
		83D4000A1AF297EA00D63886 /* Info.plist */ = {isa = PBXFileReference; lastKnownFileType = text.plist.xml; path = Info.plist; sourceTree = "<group>"; };
		83D4000B1AF297EA00D63886 /* Pavo.h */ = {isa = PBXFileReference; lastKnownFileType = sourcecode.c.h; path = Pavo.h; sourceTree = "<group>"; };
		83D400111AF297EB00D63886 /* PavoTests.xctest */ = {isa = PBXFileReference; explicitFileType = wrapper.cfbundle; includeInIndex = 0; path = PavoTests.xctest; sourceTree = BUILT_PRODUCTS_DIR; };
		83D400171AF297EB00D63886 /* Info.plist */ = {isa = PBXFileReference; lastKnownFileType = text.plist.xml; path = Info.plist; sourceTree = "<group>"; };
		83D400181AF297EB00D63886 /* PavoTests.swift */ = {isa = PBXFileReference; lastKnownFileType = sourcecode.swift; path = PavoTests.swift; sourceTree = "<group>"; };
		83D400241AF403E200D63886 /* ImageBuffer.swift */ = {isa = PBXFileReference; fileEncoding = 4; lastKnownFileType = sourcecode.swift; path = ImageBuffer.swift; sourceTree = "<group>"; };
		83D400281AF404CA00D63886 /* DisplayMonitor.swift */ = {isa = PBXFileReference; fileEncoding = 4; lastKnownFileType = sourcecode.swift; path = DisplayMonitor.swift; sourceTree = "<group>"; };
		83D4002A1AF406F600D63886 /* ImageHelpers.swift */ = {isa = PBXFileReference; fileEncoding = 4; lastKnownFileType = sourcecode.swift; path = ImageHelpers.swift; sourceTree = "<group>"; };
/* End PBXFileReference section */

/* Begin PBXFrameworksBuildPhase section */
		83D400021AF297EA00D63886 /* Frameworks */ = {
			isa = PBXFrameworksBuildPhase;
			buildActionMask = 2147483647;
			files = (
			);
			runOnlyForDeploymentPostprocessing = 0;
		};
		83D4000E1AF297EB00D63886 /* Frameworks */ = {
			isa = PBXFrameworksBuildPhase;
			buildActionMask = 2147483647;
			files = (
				83D400121AF297EB00D63886 /* Pavo.framework in Frameworks */,
			);
			runOnlyForDeploymentPostprocessing = 0;
		};
/* End PBXFrameworksBuildPhase section */

/* Begin PBXGroup section */
		83D400071AF297EA00D63886 /* Products */ = {
			isa = PBXGroup;
			children = (
				83D400061AF297EA00D63886 /* Pavo.framework */,
				83D400111AF297EB00D63886 /* PavoTests.xctest */,
			);
			name = Products;
			sourceTree = "<group>";
		};
		83D400081AF297EA00D63886 /* Pavo */ = {
			isa = PBXGroup;
			children = (
				83D4000B1AF297EA00D63886 /* Pavo.h */,
				83D400241AF403E200D63886 /* ImageBuffer.swift */,
				83D400281AF404CA00D63886 /* DisplayMonitor.swift */,
				83D4002A1AF406F600D63886 /* ImageHelpers.swift */,
				83D400091AF297EA00D63886 /* Supporting Files */,
			);
			path = Pavo;
			sourceTree = "<group>";
		};
		83D400091AF297EA00D63886 /* Supporting Files */ = {
			isa = PBXGroup;
			children = (
				83D4000A1AF297EA00D63886 /* Info.plist */,
			);
			name = "Supporting Files";
			sourceTree = "<group>";
		};
		83D400151AF297EB00D63886 /* PavoTests */ = {
			isa = PBXGroup;
			children = (
				83D400181AF297EB00D63886 /* PavoTests.swift */,
				83D400161AF297EB00D63886 /* Supporting Files */,
			);
			path = PavoTests;
			sourceTree = "<group>";
		};
		83D400161AF297EB00D63886 /* Supporting Files */ = {
			isa = PBXGroup;
			children = (
				83D400171AF297EB00D63886 /* Info.plist */,
			);
			name = "Supporting Files";
			sourceTree = "<group>";
		};
		83D4FFFC1AF297EA00D63886 = {
			isa = PBXGroup;
			children = (
				83D400081AF297EA00D63886 /* Pavo */,
				83D400151AF297EB00D63886 /* PavoTests */,
				83D400071AF297EA00D63886 /* Products */,
			);
			sourceTree = "<group>";
		};
/* End PBXGroup section */

/* Begin PBXHeadersBuildPhase section */
		83D400031AF297EA00D63886 /* Headers */ = {
			isa = PBXHeadersBuildPhase;
			buildActionMask = 2147483647;
			files = (
				83D4000C1AF297EA00D63886 /* Pavo.h in Headers */,
			);
			runOnlyForDeploymentPostprocessing = 0;
		};
/* End PBXHeadersBuildPhase section */

/* Begin PBXNativeTarget section */
		83D400051AF297EA00D63886 /* Pavo */ = {
			isa = PBXNativeTarget;
			buildConfigurationList = 83D4001C1AF297EB00D63886 /* Build configuration list for PBXNativeTarget "Pavo" */;
			buildPhases = (
				83D400011AF297EA00D63886 /* Sources */,
				83D400021AF297EA00D63886 /* Frameworks */,
				83D400031AF297EA00D63886 /* Headers */,
				83D400041AF297EA00D63886 /* Resources */,
			);
			buildRules = (
			);
			dependencies = (
			);
			name = Pavo;
			productName = Pavo;
			productReference = 83D400061AF297EA00D63886 /* Pavo.framework */;
			productType = "com.apple.product-type.framework";
		};
		83D400101AF297EB00D63886 /* PavoTests */ = {
			isa = PBXNativeTarget;
			buildConfigurationList = 83D4001F1AF297EB00D63886 /* Build configuration list for PBXNativeTarget "PavoTests" */;
			buildPhases = (
				83D4000D1AF297EB00D63886 /* Sources */,
				83D4000E1AF297EB00D63886 /* Frameworks */,
				83D4000F1AF297EB00D63886 /* Resources */,
			);
			buildRules = (
			);
			dependencies = (
				83D400141AF297EB00D63886 /* PBXTargetDependency */,
			);
			name = PavoTests;
			productName = PavoTests;
			productReference = 83D400111AF297EB00D63886 /* PavoTests.xctest */;
			productType = "com.apple.product-type.bundle.unit-test";
		};
/* End PBXNativeTarget section */

/* Begin PBXProject section */
		83D4FFFD1AF297EA00D63886 /* Project object */ = {
			isa = PBXProject;
			attributes = {
				LastUpgradeCheck = 0630;
				ORGANIZATIONNAME = "Piotr Galar";
				TargetAttributes = {
					83D400051AF297EA00D63886 = {
						CreatedOnToolsVersion = 6.3.1;
					};
					83D400101AF297EB00D63886 = {
						CreatedOnToolsVersion = 6.3.1;
					};
				};
			};
			buildConfigurationList = 83D400001AF297EA00D63886 /* Build configuration list for PBXProject "Pavo" */;
			compatibilityVersion = "Xcode 3.2";
			developmentRegion = English;
			hasScannedForEncodings = 0;
			knownRegions = (
				en,
			);
			mainGroup = 83D4FFFC1AF297EA00D63886;
			productRefGroup = 83D400071AF297EA00D63886 /* Products */;
			projectDirPath = "";
			projectRoot = "";
			targets = (
				83D400051AF297EA00D63886 /* Pavo */,
				83D400101AF297EB00D63886 /* PavoTests */,
			);
		};
/* End PBXProject section */

/* Begin PBXResourcesBuildPhase section */
		83D400041AF297EA00D63886 /* Resources */ = {
			isa = PBXResourcesBuildPhase;
			buildActionMask = 2147483647;
			files = (
			);
			runOnlyForDeploymentPostprocessing = 0;
		};
		83D4000F1AF297EB00D63886 /* Resources */ = {
			isa = PBXResourcesBuildPhase;
			buildActionMask = 2147483647;
			files = (
			);
			runOnlyForDeploymentPostprocessing = 0;
		};
/* End PBXResourcesBuildPhase section */

/* Begin PBXSourcesBuildPhase section */
		83D400011AF297EA00D63886 /* Sources */ = {
			isa = PBXSourcesBuildPhase;
			buildActionMask = 2147483647;
			files = (
				83D400251AF403E200D63886 /* ImageBuffer.swift in Sources */,
				83D400291AF404CA00D63886 /* DisplayMonitor.swift in Sources */,
				83D4002B1AF406F600D63886 /* ImageHelpers.swift in Sources */,
			);
			runOnlyForDeploymentPostprocessing = 0;
		};
		83D4000D1AF297EB00D63886 /* Sources */ = {
			isa = PBXSourcesBuildPhase;
			buildActionMask = 2147483647;
			files = (
				83D400191AF297EB00D63886 /* PavoTests.swift in Sources */,
			);
			runOnlyForDeploymentPostprocessing = 0;
		};
/* End PBXSourcesBuildPhase section */

/* Begin PBXTargetDependency section */
		83D400141AF297EB00D63886 /* PBXTargetDependency */ = {
			isa = PBXTargetDependency;
			target = 83D400051AF297EA00D63886 /* Pavo */;
			targetProxy = 83D400131AF297EB00D63886 /* PBXContainerItemProxy */;
		};
/* End PBXTargetDependency section */

/* Begin XCBuildConfiguration section */
		83D4001A1AF297EB00D63886 /* Debug */ = {
			isa = XCBuildConfiguration;
			buildSettings = {
				ALWAYS_SEARCH_USER_PATHS = NO;
				CLANG_CXX_LANGUAGE_STANDARD = "gnu++0x";
				CLANG_CXX_LIBRARY = "libc++";
				CLANG_ENABLE_MODULES = YES;
				CLANG_ENABLE_OBJC_ARC = YES;
				CLANG_WARN_BOOL_CONVERSION = YES;
				CLANG_WARN_CONSTANT_CONVERSION = YES;
				CLANG_WARN_DIRECT_OBJC_ISA_USAGE = YES_ERROR;
				CLANG_WARN_EMPTY_BODY = YES;
				CLANG_WARN_ENUM_CONVERSION = YES;
				CLANG_WARN_INT_CONVERSION = YES;
				CLANG_WARN_OBJC_ROOT_CLASS = YES_ERROR;
				CLANG_WARN_UNREACHABLE_CODE = YES;
				CLANG_WARN__DUPLICATE_METHOD_MATCH = YES;
				COPY_PHASE_STRIP = NO;
				CURRENT_PROJECT_VERSION = 1;
				DEBUG_INFORMATION_FORMAT = dwarf;
				ENABLE_STRICT_OBJC_MSGSEND = YES;
				GCC_C_LANGUAGE_STANDARD = gnu99;
				GCC_DYNAMIC_NO_PIC = NO;
				GCC_NO_COMMON_BLOCKS = YES;
				GCC_OPTIMIZATION_LEVEL = 0;
				GCC_PREPROCESSOR_DEFINITIONS = (
					"DEBUG=1",
					"$(inherited)",
				);
				GCC_SYMBOLS_PRIVATE_EXTERN = NO;
				GCC_WARN_64_TO_32_BIT_CONVERSION = YES;
				GCC_WARN_ABOUT_RETURN_TYPE = YES_ERROR;
				GCC_WARN_UNDECLARED_SELECTOR = YES;
				GCC_WARN_UNINITIALIZED_AUTOS = YES_AGGRESSIVE;
				GCC_WARN_UNUSED_FUNCTION = YES;
				GCC_WARN_UNUSED_VARIABLE = YES;
				MACOSX_DEPLOYMENT_TARGET = 10.10;
				MTL_ENABLE_DEBUG_INFO = YES;
				ONLY_ACTIVE_ARCH = YES;
				SDKROOT = macosx;
				SWIFT_OPTIMIZATION_LEVEL = "-Onone";
				VERSIONING_SYSTEM = "apple-generic";
				VERSION_INFO_PREFIX = "";
			};
			name = Debug;
		};
		83D4001B1AF297EB00D63886 /* Release */ = {
			isa = XCBuildConfiguration;
			buildSettings = {
				ALWAYS_SEARCH_USER_PATHS = NO;
				CLANG_CXX_LANGUAGE_STANDARD = "gnu++0x";
				CLANG_CXX_LIBRARY = "libc++";
				CLANG_ENABLE_MODULES = YES;
				CLANG_ENABLE_OBJC_ARC = YES;
				CLANG_WARN_BOOL_CONVERSION = YES;
				CLANG_WARN_CONSTANT_CONVERSION = YES;
				CLANG_WARN_DIRECT_OBJC_ISA_USAGE = YES_ERROR;
				CLANG_WARN_EMPTY_BODY = YES;
				CLANG_WARN_ENUM_CONVERSION = YES;
				CLANG_WARN_INT_CONVERSION = YES;
				CLANG_WARN_OBJC_ROOT_CLASS = YES_ERROR;
				CLANG_WARN_UNREACHABLE_CODE = YES;
				CLANG_WARN__DUPLICATE_METHOD_MATCH = YES;
				COPY_PHASE_STRIP = NO;
				CURRENT_PROJECT_VERSION = 1;
				DEBUG_INFORMATION_FORMAT = "dwarf-with-dsym";
				ENABLE_NS_ASSERTIONS = NO;
				ENABLE_STRICT_OBJC_MSGSEND = YES;
				GCC_C_LANGUAGE_STANDARD = gnu99;
				GCC_NO_COMMON_BLOCKS = YES;
				GCC_WARN_64_TO_32_BIT_CONVERSION = YES;
				GCC_WARN_ABOUT_RETURN_TYPE = YES_ERROR;
				GCC_WARN_UNDECLARED_SELECTOR = YES;
				GCC_WARN_UNINITIALIZED_AUTOS = YES_AGGRESSIVE;
				GCC_WARN_UNUSED_FUNCTION = YES;
				GCC_WARN_UNUSED_VARIABLE = YES;
				MACOSX_DEPLOYMENT_TARGET = 10.10;
				MTL_ENABLE_DEBUG_INFO = NO;
				SDKROOT = macosx;
				VERSIONING_SYSTEM = "apple-generic";
				VERSION_INFO_PREFIX = "";
			};
			name = Release;
		};
		83D4001D1AF297EB00D63886 /* Debug */ = {
			isa = XCBuildConfiguration;
			buildSettings = {
				CLANG_ENABLE_MODULES = YES;
				COMBINE_HIDPI_IMAGES = YES;
				DEFINES_MODULE = YES;
				DYLIB_COMPATIBILITY_VERSION = 1;
				DYLIB_CURRENT_VERSION = 1;
				DYLIB_INSTALL_NAME_BASE = "@rpath";
				FRAMEWORK_VERSION = A;
				INFOPLIST_FILE = Pavo/Info.plist;
				INSTALL_PATH = "$(LOCAL_LIBRARY_DIR)/Frameworks";
				LD_RUNPATH_SEARCH_PATHS = "$(inherited) @executable_path/../Frameworks @loader_path/Frameworks";
				PRODUCT_NAME = "$(TARGET_NAME)";
				SKIP_INSTALL = YES;
				SWIFT_OPTIMIZATION_LEVEL = "-Onone";
			};
			name = Debug;
		};
		83D4001E1AF297EB00D63886 /* Release */ = {
			isa = XCBuildConfiguration;
			buildSettings = {
				CLANG_ENABLE_MODULES = YES;
				COMBINE_HIDPI_IMAGES = YES;
				DEFINES_MODULE = YES;
				DYLIB_COMPATIBILITY_VERSION = 1;
				DYLIB_CURRENT_VERSION = 1;
				DYLIB_INSTALL_NAME_BASE = "@rpath";
				FRAMEWORK_VERSION = A;
				INFOPLIST_FILE = Pavo/Info.plist;
				INSTALL_PATH = "$(LOCAL_LIBRARY_DIR)/Frameworks";
				LD_RUNPATH_SEARCH_PATHS = "$(inherited) @executable_path/../Frameworks @loader_path/Frameworks";
				PRODUCT_NAME = "$(TARGET_NAME)";
				SKIP_INSTALL = YES;
			};
			name = Release;
		};
		83D400201AF297EB00D63886 /* Debug */ = {
			isa = XCBuildConfiguration;
			buildSettings = {
				COMBINE_HIDPI_IMAGES = YES;
				FRAMEWORK_SEARCH_PATHS = (
					"$(DEVELOPER_FRAMEWORKS_DIR)",
					"$(inherited)",
				);
				GCC_PREPROCESSOR_DEFINITIONS = (
					"DEBUG=1",
					"$(inherited)",
				);
				INFOPLIST_FILE = PavoTests/Info.plist;
				LD_RUNPATH_SEARCH_PATHS = "$(inherited) @executable_path/../Frameworks @loader_path/../Frameworks";
				PRODUCT_NAME = "$(TARGET_NAME)";
			};
			name = Debug;
		};
		83D400211AF297EB00D63886 /* Release */ = {
			isa = XCBuildConfiguration;
			buildSettings = {
				COMBINE_HIDPI_IMAGES = YES;
				FRAMEWORK_SEARCH_PATHS = (
					"$(DEVELOPER_FRAMEWORKS_DIR)",
					"$(inherited)",
				);
				INFOPLIST_FILE = PavoTests/Info.plist;
				LD_RUNPATH_SEARCH_PATHS = "$(inherited) @executable_path/../Frameworks @loader_path/../Frameworks";
				PRODUCT_NAME = "$(TARGET_NAME)";
			};
			name = Release;
		};
/* End XCBuildConfiguration section */

/* Begin XCConfigurationList section */
		83D400001AF297EA00D63886 /* Build configuration list for PBXProject "Pavo" */ = {
			isa = XCConfigurationList;
			buildConfigurations = (
				83D4001A1AF297EB00D63886 /* Debug */,
				83D4001B1AF297EB00D63886 /* Release */,
			);
			defaultConfigurationIsVisible = 0;
			defaultConfigurationName = Release;
		};
		83D4001C1AF297EB00D63886 /* Build configuration list for PBXNativeTarget "Pavo" */ = {
			isa = XCConfigurationList;
			buildConfigurations = (
				83D4001D1AF297EB00D63886 /* Debug */,
				83D4001E1AF297EB00D63886 /* Release */,
			);
			defaultConfigurationIsVisible = 0;
			defaultConfigurationName = Release;
		};
		83D4001F1AF297EB00D63886 /* Build configuration list for PBXNativeTarget "PavoTests" */ = {
			isa = XCConfigurationList;
			buildConfigurations = (
				83D400201AF297EB00D63886 /* Debug */,
				83D400211AF297EB00D63886 /* Release */,
			);
			defaultConfigurationIsVisible = 0;
			defaultConfigurationName = Release;
		};
/* End XCConfigurationList section */
	};
	rootObject = 83D4FFFD1AF297EA00D63886 /* Project object */;
}
